// !$*UTF8*$!
{
	archiveVersion = 1;
	classes = {
	};
	objectVersion = 46;
	objects = {

/* Begin PBXBuildFile section */
		954533881D82D5040097F34B /* AppDelegate.swift in Sources */ = {isa = PBXBuildFile; fileRef = 954533871D82D5040097F34B /* AppDelegate.swift */; };
		9545338A1D82D5040097F34B /* LoginViewController.swift in Sources */ = {isa = PBXBuildFile; fileRef = 954533891D82D5040097F34B /* LoginViewController.swift */; };
		9545338D1D82D5040097F34B /* Main.storyboard in Resources */ = {isa = PBXBuildFile; fileRef = 9545338B1D82D5040097F34B /* Main.storyboard */; };
		954533901D82D5040097F34B /* TwitterClient.xcdatamodeld in Sources */ = {isa = PBXBuildFile; fileRef = 9545338E1D82D5040097F34B /* TwitterClient.xcdatamodeld */; };
		954533921D82D5040097F34B /* Assets.xcassets in Resources */ = {isa = PBXBuildFile; fileRef = 954533911D82D5040097F34B /* Assets.xcassets */; };
		954533951D82D5040097F34B /* LaunchScreen.storyboard in Resources */ = {isa = PBXBuildFile; fileRef = 954533931D82D5040097F34B /* LaunchScreen.storyboard */; };
		954533A01D82D5040097F34B /* TwitterClientTests.swift in Sources */ = {isa = PBXBuildFile; fileRef = 9545339F1D82D5040097F34B /* TwitterClientTests.swift */; };
		95ADE35C1D8428D8000EA2A2 /* ViewTweetsViewController.swift in Sources */ = {isa = PBXBuildFile; fileRef = 95ADE35B1D8428D8000EA2A2 /* ViewTweetsViewController.swift */; };
		95ADE3611D8432F8000EA2A2 /* User+CoreDataProperties.swift in Sources */ = {isa = PBXBuildFile; fileRef = 95ADE35D1D8432F8000EA2A2 /* User+CoreDataProperties.swift */; };
		95ADE3621D8432F8000EA2A2 /* User.swift in Sources */ = {isa = PBXBuildFile; fileRef = 95ADE35E1D8432F8000EA2A2 /* User.swift */; };
		95ADE3641D8432F8000EA2A2 /* Tweets.swift in Sources */ = {isa = PBXBuildFile; fileRef = 95ADE3601D8432F8000EA2A2 /* Tweets.swift */; };
		95ADE3671D84333A000EA2A2 /* DataManager.swift in Sources */ = {isa = PBXBuildFile; fileRef = 95ADE3661D84333A000EA2A2 /* DataManager.swift */; };
		95ADE36A1D8440CB000EA2A2 /* User.json in Resources */ = {isa = PBXBuildFile; fileRef = 95ADE3691D8440CB000EA2A2 /* User.json */; };
		95ADE36C1D844698000EA2A2 /* Tweets.json in Resources */ = {isa = PBXBuildFile; fileRef = 95ADE36B1D844698000EA2A2 /* Tweets.json */; };
		95ADE36E1D845EA7000EA2A2 /* TweetCell.swift in Sources */ = {isa = PBXBuildFile; fileRef = 95ADE36D1D845EA7000EA2A2 /* TweetCell.swift */; };
		95ADE3741D84809E000EA2A2 /* AddTweetViewController.swift in Sources */ = {isa = PBXBuildFile; fileRef = 95ADE3731D84809E000EA2A2 /* AddTweetViewController.swift */; };
		95ADE3761D848F48000EA2A2 /* Tweets+CoreDataProperties.swift in Sources */ = {isa = PBXBuildFile; fileRef = 95ADE3751D848F48000EA2A2 /* Tweets+CoreDataProperties.swift */; };
		95ADE3781D84A09D000EA2A2 /* DateExtensions.swift in Sources */ = {isa = PBXBuildFile; fileRef = 95ADE3771D84A09D000EA2A2 /* DateExtensions.swift */; };
		95ADE37C1D84A40E000EA2A2 /* Reachability.swift in Sources */ = {isa = PBXBuildFile; fileRef = 95ADE37B1D84A40E000EA2A2 /* Reachability.swift */; };
		95ADE37E1D84A769000EA2A2 /* Enums.swift in Sources */ = {isa = PBXBuildFile; fileRef = 95ADE37D1D84A769000EA2A2 /* Enums.swift */; };
/* End PBXBuildFile section */

/* Begin PBXContainerItemProxy section */
		9545339C1D82D5040097F34B /* PBXContainerItemProxy */ = {
			isa = PBXContainerItemProxy;
			containerPortal = 9545337C1D82D5040097F34B /* Project object */;
			proxyType = 1;
			remoteGlobalIDString = 954533831D82D5040097F34B;
			remoteInfo = TwitterClient;
		};
/* End PBXContainerItemProxy section */

/* Begin PBXFileReference section */
		954533841D82D5040097F34B /* TwitterClient.app */ = {isa = PBXFileReference; explicitFileType = wrapper.application; includeInIndex = 0; path = TwitterClient.app; sourceTree = BUILT_PRODUCTS_DIR; };
		954533871D82D5040097F34B /* AppDelegate.swift */ = {isa = PBXFileReference; lastKnownFileType = sourcecode.swift; path = AppDelegate.swift; sourceTree = "<group>"; };
		954533891D82D5040097F34B /* LoginViewController.swift */ = {isa = PBXFileReference; lastKnownFileType = sourcecode.swift; path = LoginViewController.swift; sourceTree = "<group>"; };
		9545338C1D82D5040097F34B /* Base */ = {isa = PBXFileReference; lastKnownFileType = file.storyboard; name = Base; path = Base.lproj/Main.storyboard; sourceTree = "<group>"; };
		9545338F1D82D5040097F34B /* TwitterClient.xcdatamodel */ = {isa = PBXFileReference; lastKnownFileType = wrapper.xcdatamodel; path = TwitterClient.xcdatamodel; sourceTree = "<group>"; };
		954533911D82D5040097F34B /* Assets.xcassets */ = {isa = PBXFileReference; lastKnownFileType = folder.assetcatalog; path = Assets.xcassets; sourceTree = "<group>"; };
		954533941D82D5040097F34B /* Base */ = {isa = PBXFileReference; lastKnownFileType = file.storyboard; name = Base; path = Base.lproj/LaunchScreen.storyboard; sourceTree = "<group>"; };
		954533961D82D5040097F34B /* Info.plist */ = {isa = PBXFileReference; lastKnownFileType = text.plist.xml; path = Info.plist; sourceTree = "<group>"; };
		9545339B1D82D5040097F34B /* TwitterClientTests.xctest */ = {isa = PBXFileReference; explicitFileType = wrapper.cfbundle; includeInIndex = 0; path = TwitterClientTests.xctest; sourceTree = BUILT_PRODUCTS_DIR; };
		9545339F1D82D5040097F34B /* TwitterClientTests.swift */ = {isa = PBXFileReference; lastKnownFileType = sourcecode.swift; path = TwitterClientTests.swift; sourceTree = "<group>"; };
		954533A11D82D5040097F34B /* Info.plist */ = {isa = PBXFileReference; lastKnownFileType = text.plist.xml; path = Info.plist; sourceTree = "<group>"; };
		95ADE35B1D8428D8000EA2A2 /* ViewTweetsViewController.swift */ = {isa = PBXFileReference; fileEncoding = 4; lastKnownFileType = sourcecode.swift; path = ViewTweetsViewController.swift; sourceTree = "<group>"; };
		95ADE35D1D8432F8000EA2A2 /* User+CoreDataProperties.swift */ = {isa = PBXFileReference; fileEncoding = 4; lastKnownFileType = sourcecode.swift; path = "User+CoreDataProperties.swift"; sourceTree = "<group>"; };
		95ADE35E1D8432F8000EA2A2 /* User.swift */ = {isa = PBXFileReference; fileEncoding = 4; lastKnownFileType = sourcecode.swift; path = User.swift; sourceTree = "<group>"; };
		95ADE3601D8432F8000EA2A2 /* Tweets.swift */ = {isa = PBXFileReference; fileEncoding = 4; lastKnownFileType = sourcecode.swift; path = Tweets.swift; sourceTree = "<group>"; };
		95ADE3661D84333A000EA2A2 /* DataManager.swift */ = {isa = PBXFileReference; fileEncoding = 4; lastKnownFileType = sourcecode.swift; path = DataManager.swift; sourceTree = "<group>"; };
		95ADE3691D8440CB000EA2A2 /* User.json */ = {isa = PBXFileReference; fileEncoding = 4; lastKnownFileType = text.json; path = User.json; sourceTree = "<group>"; };
		95ADE36B1D844698000EA2A2 /* Tweets.json */ = {isa = PBXFileReference; fileEncoding = 4; lastKnownFileType = text.json; path = Tweets.json; sourceTree = "<group>"; };
		95ADE36D1D845EA7000EA2A2 /* TweetCell.swift */ = {isa = PBXFileReference; fileEncoding = 4; lastKnownFileType = sourcecode.swift; path = TweetCell.swift; sourceTree = "<group>"; };
		95ADE3731D84809E000EA2A2 /* AddTweetViewController.swift */ = {isa = PBXFileReference; fileEncoding = 4; lastKnownFileType = sourcecode.swift; name = AddTweetViewController.swift; path = ../AddTweetViewController.swift; sourceTree = "<group>"; };
		95ADE3751D848F48000EA2A2 /* Tweets+CoreDataProperties.swift */ = {isa = PBXFileReference; fileEncoding = 4; lastKnownFileType = sourcecode.swift; path = "Tweets+CoreDataProperties.swift"; sourceTree = "<group>"; };
		95ADE3771D84A09D000EA2A2 /* DateExtensions.swift */ = {isa = PBXFileReference; fileEncoding = 4; lastKnownFileType = sourcecode.swift; path = DateExtensions.swift; sourceTree = "<group>"; };
		95ADE37B1D84A40E000EA2A2 /* Reachability.swift */ = {isa = PBXFileReference; fileEncoding = 4; lastKnownFileType = sourcecode.swift; path = Reachability.swift; sourceTree = "<group>"; };
		95ADE37D1D84A769000EA2A2 /* Enums.swift */ = {isa = PBXFileReference; fileEncoding = 4; lastKnownFileType = sourcecode.swift; path = Enums.swift; sourceTree = "<group>"; };
/* End PBXFileReference section */

/* Begin PBXFrameworksBuildPhase section */
		954533811D82D5040097F34B /* Frameworks */ = {
			isa = PBXFrameworksBuildPhase;
			buildActionMask = 2147483647;
			files = (
			);
			runOnlyForDeploymentPostprocessing = 0;
		};
		954533981D82D5040097F34B /* Frameworks */ = {
			isa = PBXFrameworksBuildPhase;
			buildActionMask = 2147483647;
			files = (
			);
			runOnlyForDeploymentPostprocessing = 0;
		};
/* End PBXFrameworksBuildPhase section */

/* Begin PBXGroup section */
		9545337B1D82D5040097F34B = {
			isa = PBXGroup;
			children = (
				954533861D82D5040097F34B /* TwitterClient */,
				9545339E1D82D5040097F34B /* TwitterClientTests */,
				954533851D82D5040097F34B /* Products */,
			);
			sourceTree = "<group>";
		};
		954533851D82D5040097F34B /* Products */ = {
			isa = PBXGroup;
			children = (
				954533841D82D5040097F34B /* TwitterClient.app */,
				9545339B1D82D5040097F34B /* TwitterClientTests.xctest */,
			);
			name = Products;
			sourceTree = "<group>";
		};
		954533861D82D5040097F34B /* TwitterClient */ = {
			isa = PBXGroup;
			children = (
				95ADE3681D8440B3000EA2A2 /* Resources */,
				95ADE3651D84330B000EA2A2 /* Model */,
				954533871D82D5040097F34B /* AppDelegate.swift */,
				954533891D82D5040097F34B /* LoginViewController.swift */,
				95ADE3731D84809E000EA2A2 /* AddTweetViewController.swift */,
				95ADE35B1D8428D8000EA2A2 /* ViewTweetsViewController.swift */,
				95ADE36D1D845EA7000EA2A2 /* TweetCell.swift */,
				95ADE3771D84A09D000EA2A2 /* DateExtensions.swift */,
				95ADE37B1D84A40E000EA2A2 /* Reachability.swift */,
				95ADE37D1D84A769000EA2A2 /* Enums.swift */,
				9545338B1D82D5040097F34B /* Main.storyboard */,
				954533911D82D5040097F34B /* Assets.xcassets */,
				954533931D82D5040097F34B /* LaunchScreen.storyboard */,
				954533961D82D5040097F34B /* Info.plist */,
				9545338E1D82D5040097F34B /* TwitterClient.xcdatamodeld */,
			);
			path = TwitterClient;
			sourceTree = "<group>";
		};
		9545339E1D82D5040097F34B /* TwitterClientTests */ = {
			isa = PBXGroup;
			children = (
				9545339F1D82D5040097F34B /* TwitterClientTests.swift */,
				954533A11D82D5040097F34B /* Info.plist */,
			);
			path = TwitterClientTests;
			sourceTree = "<group>";
		};
		95ADE3651D84330B000EA2A2 /* Model */ = {
			isa = PBXGroup;
			children = (
				95ADE35D1D8432F8000EA2A2 /* User+CoreDataProperties.swift */,
				95ADE35E1D8432F8000EA2A2 /* User.swift */,
				95ADE3751D848F48000EA2A2 /* Tweets+CoreDataProperties.swift */,
				95ADE3601D8432F8000EA2A2 /* Tweets.swift */,
				95ADE3661D84333A000EA2A2 /* DataManager.swift */,
			);
			name = Model;
			sourceTree = "<group>";
		};
		95ADE3681D8440B3000EA2A2 /* Resources */ = {
			isa = PBXGroup;
			children = (
				95ADE3691D8440CB000EA2A2 /* User.json */,
				95ADE36B1D844698000EA2A2 /* Tweets.json */,
			);
			name = Resources;
			sourceTree = "<group>";
		};
/* End PBXGroup section */

/* Begin PBXNativeTarget section */
		954533831D82D5040097F34B /* TwitterClient */ = {
			isa = PBXNativeTarget;
			buildConfigurationList = 954533A41D82D5040097F34B /* Build configuration list for PBXNativeTarget "TwitterClient" */;
			buildPhases = (
				954533801D82D5040097F34B /* Sources */,
				954533811D82D5040097F34B /* Frameworks */,
				954533821D82D5040097F34B /* Resources */,
			);
			buildRules = (
			);
			dependencies = (
			);
			name = TwitterClient;
			productName = TwitterClient;
			productReference = 954533841D82D5040097F34B /* TwitterClient.app */;
			productType = "com.apple.product-type.application";
		};
		9545339A1D82D5040097F34B /* TwitterClientTests */ = {
			isa = PBXNativeTarget;
			buildConfigurationList = 954533A71D82D5040097F34B /* Build configuration list for PBXNativeTarget "TwitterClientTests" */;
			buildPhases = (
				954533971D82D5040097F34B /* Sources */,
				954533981D82D5040097F34B /* Frameworks */,
				954533991D82D5040097F34B /* Resources */,
			);
			buildRules = (
			);
			dependencies = (
				9545339D1D82D5040097F34B /* PBXTargetDependency */,
			);
			name = TwitterClientTests;
			productName = TwitterClientTests;
			productReference = 9545339B1D82D5040097F34B /* TwitterClientTests.xctest */;
			productType = "com.apple.product-type.bundle.unit-test";
		};
/* End PBXNativeTarget section */

/* Begin PBXProject section */
		9545337C1D82D5040097F34B /* Project object */ = {
			isa = PBXProject;
			attributes = {
				LastSwiftUpdateCheck = 0730;
				LastUpgradeCheck = 0730;
				ORGANIZATIONNAME = Wasserman;
				TargetAttributes = {
					954533831D82D5040097F34B = {
						CreatedOnToolsVersion = 7.3.1;
					};
					9545339A1D82D5040097F34B = {
						CreatedOnToolsVersion = 7.3.1;
						TestTargetID = 954533831D82D5040097F34B;
					};
				};
			};
			buildConfigurationList = 9545337F1D82D5040097F34B /* Build configuration list for PBXProject "TwitterClient" */;
			compatibilityVersion = "Xcode 3.2";
			developmentRegion = English;
			hasScannedForEncodings = 0;
			knownRegions = (
				en,
				Base,
			);
			mainGroup = 9545337B1D82D5040097F34B;
			productRefGroup = 954533851D82D5040097F34B /* Products */;
			projectDirPath = "";
			projectRoot = "";
			targets = (
				954533831D82D5040097F34B /* TwitterClient */,
				9545339A1D82D5040097F34B /* TwitterClientTests */,
			);
		};
/* End PBXProject section */

/* Begin PBXResourcesBuildPhase section */
		954533821D82D5040097F34B /* Resources */ = {
			isa = PBXResourcesBuildPhase;
			buildActionMask = 2147483647;
			files = (
				95ADE36A1D8440CB000EA2A2 /* User.json in Resources */,
				954533951D82D5040097F34B /* LaunchScreen.storyboard in Resources */,
				954533921D82D5040097F34B /* Assets.xcassets in Resources */,
				9545338D1D82D5040097F34B /* Main.storyboard in Resources */,
				95ADE36C1D844698000EA2A2 /* Tweets.json in Resources */,
			);
			runOnlyForDeploymentPostprocessing = 0;
		};
		954533991D82D5040097F34B /* Resources */ = {
			isa = PBXResourcesBuildPhase;
			buildActionMask = 2147483647;
			files = (
			);
			runOnlyForDeploymentPostprocessing = 0;
		};
/* End PBXResourcesBuildPhase section */

/* Begin PBXSourcesBuildPhase section */
		954533801D82D5040097F34B /* Sources */ = {
			isa = PBXSourcesBuildPhase;
			buildActionMask = 2147483647;
			files = (
				954533901D82D5040097F34B /* TwitterClient.xcdatamodeld in Sources */,
				9545338A1D82D5040097F34B /* LoginViewController.swift in Sources */,
				95ADE3621D8432F8000EA2A2 /* User.swift in Sources */,
				95ADE3641D8432F8000EA2A2 /* Tweets.swift in Sources */,
				95ADE37E1D84A769000EA2A2 /* Enums.swift in Sources */,
				954533881D82D5040097F34B /* AppDelegate.swift in Sources */,
				95ADE3781D84A09D000EA2A2 /* DateExtensions.swift in Sources */,
				95ADE3611D8432F8000EA2A2 /* User+CoreDataProperties.swift in Sources */,
				95ADE36E1D845EA7000EA2A2 /* TweetCell.swift in Sources */,
				95ADE3761D848F48000EA2A2 /* Tweets+CoreDataProperties.swift in Sources */,
				95ADE3741D84809E000EA2A2 /* AddTweetViewController.swift in Sources */,
				95ADE3671D84333A000EA2A2 /* DataManager.swift in Sources */,
				95ADE35C1D8428D8000EA2A2 /* ViewTweetsViewController.swift in Sources */,
				95ADE37C1D84A40E000EA2A2 /* Reachability.swift in Sources */,
			);
			runOnlyForDeploymentPostprocessing = 0;
		};
		954533971D82D5040097F34B /* Sources */ = {
			isa = PBXSourcesBuildPhase;
			buildActionMask = 2147483647;
			files = (
				954533A01D82D5040097F34B /* TwitterClientTests.swift in Sources */,
			);
			runOnlyForDeploymentPostprocessing = 0;
		};
/* End PBXSourcesBuildPhase section */

/* Begin PBXTargetDependency section */
		9545339D1D82D5040097F34B /* PBXTargetDependency */ = {
			isa = PBXTargetDependency;
			target = 954533831D82D5040097F34B /* TwitterClient */;
			targetProxy = 9545339C1D82D5040097F34B /* PBXContainerItemProxy */;
		};
/* End PBXTargetDependency section */

/* Begin PBXVariantGroup section */
		9545338B1D82D5040097F34B /* Main.storyboard */ = {
			isa = PBXVariantGroup;
			children = (
				9545338C1D82D5040097F34B /* Base */,
			);
			name = Main.storyboard;
			sourceTree = "<group>";
		};
		954533931D82D5040097F34B /* LaunchScreen.storyboard */ = {
			isa = PBXVariantGroup;
			children = (
				954533941D82D5040097F34B /* Base */,
			);
			name = LaunchScreen.storyboard;
			sourceTree = "<group>";
		};
/* End PBXVariantGroup section */

/* Begin XCBuildConfiguration section */
		954533A21D82D5040097F34B /* Debug */ = {
			isa = XCBuildConfiguration;
			buildSettings = {
				ALWAYS_SEARCH_USER_PATHS = NO;
				CLANG_ANALYZER_NONNULL = YES;
				CLANG_CXX_LANGUAGE_STANDARD = "gnu++0x";
				CLANG_CXX_LIBRARY = "libc++";
				CLANG_ENABLE_MODULES = YES;
				CLANG_ENABLE_OBJC_ARC = YES;
				CLANG_WARN_BOOL_CONVERSION = YES;
				CLANG_WARN_CONSTANT_CONVERSION = YES;
				CLANG_WARN_DIRECT_OBJC_ISA_USAGE = YES_ERROR;
				CLANG_WARN_EMPTY_BODY = YES;
				CLANG_WARN_ENUM_CONVERSION = YES;
				CLANG_WARN_INT_CONVERSION = YES;
				CLANG_WARN_OBJC_ROOT_CLASS = YES_ERROR;
				CLANG_WARN_UNREACHABLE_CODE = YES;
				CLANG_WARN__DUPLICATE_METHOD_MATCH = YES;
				"CODE_SIGN_IDENTITY[sdk=iphoneos*]" = "iPhone Developer";
				COPY_PHASE_STRIP = NO;
				DEBUG_INFORMATION_FORMAT = dwarf;
				ENABLE_STRICT_OBJC_MSGSEND = YES;
				ENABLE_TESTABILITY = YES;
				GCC_C_LANGUAGE_STANDARD = gnu99;
				GCC_DYNAMIC_NO_PIC = NO;
				GCC_NO_COMMON_BLOCKS = YES;
				GCC_OPTIMIZATION_LEVEL = 0;
				GCC_PREPROCESSOR_DEFINITIONS = (
					"DEBUG=1",
					"$(inherited)",
				);
				GCC_WARN_64_TO_32_BIT_CONVERSION = YES;
				GCC_WARN_ABOUT_RETURN_TYPE = YES_ERROR;
				GCC_WARN_UNDECLARED_SELECTOR = YES;
				GCC_WARN_UNINITIALIZED_AUTOS = YES_AGGRESSIVE;
				GCC_WARN_UNUSED_FUNCTION = YES;
				GCC_WARN_UNUSED_VARIABLE = YES;
				IPHONEOS_DEPLOYMENT_TARGET = 9.3;
				MTL_ENABLE_DEBUG_INFO = YES;
				ONLY_ACTIVE_ARCH = YES;
				SDKROOT = iphoneos;
				SWIFT_OPTIMIZATION_LEVEL = "-Onone";
			};
			name = Debug;
		};
		954533A31D82D5040097F34B /* Release */ = {
			isa = XCBuildConfiguration;
			buildSettings = {
				ALWAYS_SEARCH_USER_PATHS = NO;
				CLANG_ANALYZER_NONNULL = YES;
				CLANG_CXX_LANGUAGE_STANDARD = "gnu++0x";
				CLANG_CXX_LIBRARY = "libc++";
				CLANG_ENABLE_MODULES = YES;
				CLANG_ENABLE_OBJC_ARC = YES;
				CLANG_WARN_BOOL_CONVERSION = YES;
				CLANG_WARN_CONSTANT_CONVERSION = YES;
				CLANG_WARN_DIRECT_OBJC_ISA_USAGE = YES_ERROR;
				CLANG_WARN_EMPTY_BODY = YES;
				CLANG_WARN_ENUM_CONVERSION = YES;
				CLANG_WARN_INT_CONVERSION = YES;
				CLANG_WARN_OBJC_ROOT_CLASS = YES_ERROR;
				CLANG_WARN_UNREACHABLE_CODE = YES;
				CLANG_WARN__DUPLICATE_METHOD_MATCH = YES;
				"CODE_SIGN_IDENTITY[sdk=iphoneos*]" = "iPhone Developer";
				COPY_PHASE_STRIP = NO;
				DEBUG_INFORMATION_FORMAT = "dwarf-with-dsym";
				ENABLE_NS_ASSERTIONS = NO;
				ENABLE_STRICT_OBJC_MSGSEND = YES;
				GCC_C_LANGUAGE_STANDARD = gnu99;
				GCC_NO_COMMON_BLOCKS = YES;
				GCC_WARN_64_TO_32_BIT_CONVERSION = YES;
				GCC_WARN_ABOUT_RETURN_TYPE = YES_ERROR;
				GCC_WARN_UNDECLARED_SELECTOR = YES;
				GCC_WARN_UNINITIALIZED_AUTOS = YES_AGGRESSIVE;
				GCC_WARN_UNUSED_FUNCTION = YES;
				GCC_WARN_UNUSED_VARIABLE = YES;
				IPHONEOS_DEPLOYMENT_TARGET = 9.3;
				MTL_ENABLE_DEBUG_INFO = NO;
				SDKROOT = iphoneos;
				VALIDATE_PRODUCT = YES;
			};
			name = Release;
		};
		954533A51D82D5040097F34B /* Debug */ = {
			isa = XCBuildConfiguration;
			buildSettings = {
				ASSETCATALOG_COMPILER_APPICON_NAME = AppIcon;
				INFOPLIST_FILE = TwitterClient/Info.plist;
				LD_RUNPATH_SEARCH_PATHS = "$(inherited) @executable_path/Frameworks";
				PRODUCT_BUNDLE_IDENTIFIER = com.wasserman.TwitterClient;
				PRODUCT_NAME = "$(TARGET_NAME)";
			};
			name = Debug;
		};
		954533A61D82D5040097F34B /* Release */ = {
			isa = XCBuildConfiguration;
			buildSettings = {
				ASSETCATALOG_COMPILER_APPICON_NAME = AppIcon;
				INFOPLIST_FILE = TwitterClient/Info.plist;
				LD_RUNPATH_SEARCH_PATHS = "$(inherited) @executable_path/Frameworks";
				PRODUCT_BUNDLE_IDENTIFIER = com.wasserman.TwitterClient;
				PRODUCT_NAME = "$(TARGET_NAME)";
			};
			name = Release;
		};
		954533A81D82D5040097F34B /* Debug */ = {
			isa = XCBuildConfiguration;
			buildSettings = {
				BUNDLE_LOADER = "$(TEST_HOST)";
				INFOPLIST_FILE = TwitterClientTests/Info.plist;
				LD_RUNPATH_SEARCH_PATHS = "$(inherited) @executable_path/Frameworks @loader_path/Frameworks";
				PRODUCT_BUNDLE_IDENTIFIER = com.wasserman.TwitterClientTests;
				PRODUCT_NAME = "$(TARGET_NAME)";
				TEST_HOST = "$(BUILT_PRODUCTS_DIR)/TwitterClient.app/TwitterClient";
			};
			name = Debug;
		};
		954533A91D82D5040097F34B /* Release */ = {
			isa = XCBuildConfiguration;
			buildSettings = {
				BUNDLE_LOADER = "$(TEST_HOST)";
				INFOPLIST_FILE = TwitterClientTests/Info.plist;
				LD_RUNPATH_SEARCH_PATHS = "$(inherited) @executable_path/Frameworks @loader_path/Frameworks";
				PRODUCT_BUNDLE_IDENTIFIER = com.wasserman.TwitterClientTests;
				PRODUCT_NAME = "$(TARGET_NAME)";
				TEST_HOST = "$(BUILT_PRODUCTS_DIR)/TwitterClient.app/TwitterClient";
			};
			name = Release;
		};
/* End XCBuildConfiguration section */

/* Begin XCConfigurationList section */
		9545337F1D82D5040097F34B /* Build configuration list for PBXProject "TwitterClient" */ = {
			isa = XCConfigurationList;
			buildConfigurations = (
				954533A21D82D5040097F34B /* Debug */,
				954533A31D82D5040097F34B /* Release */,
			);
			defaultConfigurationIsVisible = 0;
			defaultConfigurationName = Release;
		};
		954533A41D82D5040097F34B /* Build configuration list for PBXNativeTarget "TwitterClient" */ = {
			isa = XCConfigurationList;
			buildConfigurations = (
				954533A51D82D5040097F34B /* Debug */,
				954533A61D82D5040097F34B /* Release */,
			);
			defaultConfigurationIsVisible = 0;
			defaultConfigurationName = Release;
		};
		954533A71D82D5040097F34B /* Build configuration list for PBXNativeTarget "TwitterClientTests" */ = {
			isa = XCConfigurationList;
			buildConfigurations = (
				954533A81D82D5040097F34B /* Debug */,
				954533A91D82D5040097F34B /* Release */,
			);
			defaultConfigurationIsVisible = 0;
			defaultConfigurationName = Release;
		};
/* End XCConfigurationList section */

/* Begin XCVersionGroup section */
		9545338E1D82D5040097F34B /* TwitterClient.xcdatamodeld */ = {
			isa = XCVersionGroup;
			children = (
				9545338F1D82D5040097F34B /* TwitterClient.xcdatamodel */,
			);
			currentVersion = 9545338F1D82D5040097F34B /* TwitterClient.xcdatamodel */;
			path = TwitterClient.xcdatamodeld;
			sourceTree = "<group>";
			versionGroupType = wrapper.xcdatamodel;
		};
/* End XCVersionGroup section */
	};
	rootObject = 9545337C1D82D5040097F34B /* Project object */;
}
